PODS:
  - backendless_sdk (0.0.1):
    - BackendlessSwift (= 6.4.1)
    - Flutter
  - BackendlessSwift (6.4.1):
    - Socket.IO-Client-Swift (~> 16.0)
  - Flutter (1.0.0)
  - google_maps_flutter (0.0.1):
    - Flutter
    - GoogleMaps
  - GoogleMaps (5.2.0):
    - GoogleMaps/Maps (= 5.2.0)
  - GoogleMaps/Base (5.2.0)
  - GoogleMaps/Maps (5.2.0):
    - GoogleMaps/Base
  - image_picker (0.0.1):
    - Flutter
  - Socket.IO-Client-Swift (16.0.1):
    - Starscream (~> 4.0)
  - Starscream (4.0.4)

DEPENDENCIES:
  - backendless_sdk (from `.symlinks/plugins/backendless_sdk/ios`)
  - Flutter (from `Flutter`)
  - google_maps_flutter (from `.symlinks/plugins/google_maps_flutter/ios`)
  - image_picker (from `.symlinks/plugins/image_picker/ios`)

SPEC REPOS:
  trunk:
    - BackendlessSwift
    - GoogleMaps
    - Socket.IO-Client-Swift
    - Starscream

EXTERNAL SOURCES:
  backendless_sdk:
    :path: ".symlinks/plugins/backendless_sdk/ios"
  Flutter:
    :path: Flutter
  google_maps_flutter:
    :path: ".symlinks/plugins/google_maps_flutter/ios"
  image_picker:
    :path: ".symlinks/plugins/image_picker/ios"

SPEC CHECKSUMS:
  backendless_sdk: 23f02a2afbc999842b93d27ee7c10a5b49f2edb6
  BackendlessSwift: 1ec74d3ea9de1ed9e5291e23e322b51b0bf9ee41
  Flutter: 50d75fe2f02b26cc09d224853bb45737f8b3214a
  google_maps_flutter: abdb8dee6c52d4be36ad131ee6ebfacd14417c5a
  GoogleMaps: 025272d5876d3b32604e5c080dc25eaf68764693
  image_picker: e06f7a68f000bd36f552c1847e33cda96ed31f1f
  Socket.IO-Client-Swift: c116d6dc9fd6be9c259bacfe143f8725bce7d79e
  Starscream: 5178aed56b316f13fa3bc55694e583d35dd414d9

PODFILE CHECKSUM: 7368163408c647b7eb699d0d788ba6718e18fb8d

COCOAPODS: 1.10.2
